{
  "name": "HyperBPOWebsite",
  "lockfileVersion": 3,
  "requires": true,
  "packages": {
    "": {
      "dependencies": {
        "html-react-parser": "^6.1.8"
      }
    },
    "node_modules/dom-serializer": {
      "version": "3.1.1",
      "resolved": "https://registry.npmjs.org/dom-serializer/-/dom-serializer-3.1.1.tgz",
      "integrity": "sha512-4MEa38/QexBob6gFNwu+EGdWvhJ1OKuNwdYY3Y3NyeWDQfnGeDYQUDfIRzWu5B5gsv03so2Uxd28YC6zrsx3Lw==",
      "dependencies": {
        "domelementtype": "^3.0.0",
        "domhandler": "^6.0.0",
        "entities": "^8.0.0"
      },
      "engines": {
        "node": ">=20.19.0"
      },
      "funding": {
        "type": "github",
        "url": "https://github.com/cheeriojs/dom-serializer?sponsor=1"
      }
    },
    "node_modules/domelementtype": {
      "version": "3.0.0",
      "resolved": "https://registry.npmjs.org/domelementtype/-/domelementtype-3.0.0.tgz",
      "integrity": "sha512-umCQid3jKbDmVjx8jGaW7uUykm4DEUeyV21hPxNMo2nV955DhUThwqyOIDtreepP31hl84X7G5U9ZfsWvIB3Pg==",
      "funding": [
        {
          "type": "github",
          "url": "https://github.com/sponsors/fb55"
        }
      ],
      "engines": {
        "node": ">=20.19.0"
      }
    },
    "node_modules/domhandler": {
      "version": "6.0.1",
      "resolved": "https://registry.npmjs.org/domhandler/-/domhandler-6.0.1.tgz",
      "integrity": "sha512-gYzvtM72ZtxQO0T048kd6HWSbbGCNOUwcnfQ01cqIJ4X2IYKFFHZ5mKvrQETcFXxsRObZulDaKmy//R7TPtsBg==",
      "dependencies": {
        "domelementtype": "^3.0.0"
      },
      "engines": {
        "node": ">=20.19.0"
      },
      "funding": {
        "type": "github",
        "url": "https://github.com/fb55/domhandler?sponsor=1"
      }
    },
    "node_modules/domutils": {
      "version": "4.0.2",
      "resolved": "https://registry.npmjs.org/domutils/-/domutils-4.0.2.tgz",
      "integrity": "sha512-qI4JLRKnSzqFqr7hAlS5xQDusBCjKSEG4t4+7aNrIQMHBcsC2TGEhuyABJdYkgSewL57PNLYEiibY2iPKhKpaA==",
      "dependencies": {
        "dom-serializer": "^3.0.0",
        "domelementtype": "^3.0.0",
        "domhandler": "^6.0.0"
      },
      "engines": {
        "node": ">=20.19.0"
      },
      "funding": {
        "type": "github",
        "url": "https://github.com/fb55/domutils?sponsor=1"
      }
    },
    "node_modules/entities": {
      "version": "8.1.0",
      "resolved": "https://registry.npmjs.org/entities/-/entities-8.1.0.tgz",
      "integrity": "sha512-kxL7msIffSuh9aaFAMD7rxAIuTRMAHMeBtgHW2yUdWw732ZNh4MehkF2gdjvtdmikkaIP9bFDDJOPlsvm7avrA==",
      "engines": {
        "node": ">=20.19.0"
      },
      "funding": {
        "url": "https://github.com/fb55/entities?sponsor=1"
      }
    },
    "node_modules/html-dom-parser": {
      "version": "8.0.2",
      "resolved": "https://registry.npmjs.org/html-dom-parser/-/html-dom-parser-8.0.2.tgz",
      "integrity": "sha512-UnUW0rcyfkYo9OCgeo+5Pzc4lRaifZB4h8RlGRwYIJmEz97Q3OKIYhNVXhG53jmNKWvBrq9n4ZzZIZAECnatSw==",
      "funding": [
        {
          "type": "github",
          "url": "https://github.com/sponsors/remarkablemark"
        }
      ],
      "dependencies": {
        "domhandler": "6.0.1",
        "htmlparser2": "12.0.0"
      }
    },
    "node_modules/html-react-parser": {
      "version": "6.1.8",
      "resolved": "https://registry.npmjs.org/html-react-parser/-/html-react-parser-6.1.8.tgz",
      "integrity": "sha512-tlLNVnvtAhGabZTyboRJ/5/ZTD1iZzN5oAQZkW37gUvpcR/XkVNUvcB25Vpo+/tosbJNyfHbx/8H30k3Ug638Q==",
      "funding": [
        {
          "type": "github",
          "url": "https://github.com/sponsors/remarkablemark"
        },
        {
          "type": "opencollective",
          "url": "https://opencollective.com/html-react-parser"
        }
      ],
      "dependencies": {
        "domhandler": "6.0.1",
        "html-dom-parser": "8.0.2",
        "react-property": "2.0.2",
        "style-to-js": "2.0.2"
      },
      "peerDependencies": {
        "@types/react": "0.14 || 15 || 16 || 17 || 18 || 19",
        "react": "0.14 || 15 || 16 || 17 || 18 || 19"
      },
      "peerDependenciesMeta": {
        "@types/react": {
          "optional": true
        }
      }
    },
    "node_modules/htmlparser2": {
      "version": "12.0.0",
      "resolved": "https://registry.npmjs.org/htmlparser2/-/htmlparser2-12.0.0.tgz",
      "integrity": "sha512-Tz7u1i95/g2x2jz81+x0FBVhBhY5aRTvD3tXXdFaljuNdzDLJ8UGNRrTcj2cgQvAg3iW/h77Fz15nLW0L0CrZw==",
      "funding": [
        "https://github.com/fb55/htmlparser2?sponsor=1",
        {
          "type": "github",
          "url": "https://github.com/sponsors/fb55"
        }
      ],
      "dependencies": {
        "domelementtype": "^3.0.0",
        "domhandler": "^6.0.0",
        "domutils": "^4.0.2",
        "entities": "^8.0.0"
      },
      "engines": {
        "node": ">=20.19.0"
      }
    },
    "node_modules/inline-style-parser": {
      "version": "0.2.9",
      "resolved": "https://registry.npmjs.org/inline-style-parser/-/inline-style-parser-0.2.9.tgz",
      "integrity": "sha512-IttN8BqKLxzUrnTqHI+/hwAJQItBAUjdoHERCDv+oOuX48VP6bzW8+QjOXSfoevzq3YrYAwX1uLHp8TqO9yIeg=="
    },
    "node_modules/react": {
      "version": "19.3.0",
      "resolved": "https://registry.npmjs.org/react/-/react-19.3.0.tgz",
      "integrity": "sha512-E8LUcbtBWt20bbl2YoHfx4ZDBdxVTfOKtCZn9cDSJ4l6/nuoApcpIBcj47t2wZoVX8g2ZHuMHbiShgCR1T5Sog==",
      "peer": true,
      "engines": {
        "node": ">=0.10.0"
      }
    },
    "node_modules/react-property": {
      "version": "2.0.2",
      "resolved": "https://registry.npmjs.org/react-property/-/react-property-2.0.2.tgz",
      "integrity": "sha512-+PbtI3VuDV0l6CleQMsx2gtK0JZbZKbpdu5ynr+lbsuvtmgbNcS3VM0tuY2QjFNOcWxvXeHjDpy42RO+4U2rug=="
    },
    "node_modules/style-to-js": {
      "version": "2.0.2",
      "resolved": "https://registry.npmjs.org/style-to-js/-/style-to-js-2.0.2.tgz",
      "integrity": "sha512-ctgbFvvi406Jvhi/s6TJtX6XYYCCTg6POgsL+SLmrl2RHFgwulepqtYPrtKuEmT8kmyk/+fxfNzuhRLO4zsASg==",
      "dependencies": {
        "style-to-object": "2.0.2"
      }
    },
    "node_modules/style-to-object": {
      "version": "2.0.2",
      "resolved": "https://registry.npmjs.org/style-to-object/-/style-to-object-2.0.2.tgz",
      "integrity": "sha512-QmbXPUylqU80HAgTOJeEOdbA40W9KtxmjMhQy+tq+b8F2aoh3aQLuy82hh2jm2qsC9hR9eI0+eQidTMydKcqRA==",
      "dependencies": {
        "inline-style-parser": "0.2.9"
      }
    }
  }
}
